
Microsoft Visual Studio Solution File, Format Version 12.00
# Visual Studio 15
Project("{FAE04EC0-301F-11D3-BF4B-00C04F79EFBC}") = "Assembly-CSharp", "Assembly-CSharp.csproj", "{BBB342A2-6894-1B0E-77BF-1034E1720682}"
EndProject
Project("{FAE04EC0-301F-11D3-BF4B-00C04F79EFBC}") = "UniRx", "UniRx.csproj", "{D6FB764B-DE33-CE63-B1D0-52FA6639F3C2}"
EndProject
Project("{FAE04EC0-301F-11D3-BF4B-00C04F79EFBC}") = "UniRx.Examples", "UniRx.Examples.csproj", "{18FD73DF-5AA3-7EE0-3782-66E96DB21B2D}"
EndProject
Global
	GlobalSection(SolutionConfigurationPlatforms) = preSolution
		Debug|Any CPU = Debug|Any CPU
		Release|Any CPU = Release|Any CPU
	EndGlobalSection
	GlobalSection(ProjectConfigurationPlatforms) = postSolution
		{BBB342A2-6894-1B0E-77BF-1034E1720682}.Debug|Any CPU.ActiveCfg = Debug|Any CPU
		{BBB342A2-6894-1B0E-77BF-1034E1720682}.Debug|Any CPU.Build.0 = Debug|Any CPU
		{BBB342A2-6894-1B0E-77BF-1034E1720682}.Release|Any CPU.ActiveCfg = Release|Any CPU
		{BBB342A2-6894-1B0E-77BF-1034E1720682}.Release|Any CPU.Build.0 = Release|Any CPU
		{D6FB764B-DE33-CE63-B1D0-52FA6639F3C2}.Debug|Any CPU.ActiveCfg = Debug|Any CPU
		{D6FB764B-DE33-CE63-B1D0-52FA6639F3C2}.Debug|Any CPU.Build.0 = Debug|Any CPU
		{D6FB764B-DE33-CE63-B1D0-52FA6639F3C2}.Release|Any CPU.ActiveCfg = Release|Any CPU
		{D6FB764B-DE33-CE63-B1D0-52FA6639F3C2}.Release|Any CPU.Build.0 = Release|Any CPU
		{18FD73DF-5AA3-7EE0-3782-66E96DB21B2D}.Debug|Any CPU.ActiveCfg = Debug|Any CPU
		{18FD73DF-5AA3-7EE0-3782-66E96DB21B2D}.Debug|Any CPU.Build.0 = Debug|Any CPU
		{18FD73DF-5AA3-7EE0-3782-66E96DB21B2D}.Release|Any CPU.ActiveCfg = Release|Any CPU
		{18FD73DF-5AA3-7EE0-3782-66E96DB21B2D}.Release|Any CPU.Build.0 = Release|Any CPU
	EndGlobalSection
	GlobalSection(SolutionProperties) = preSolution
		HideSolutionNode = FALSE
	EndGlobalSection
EndGlobal
